
Microsoft Visual Studio Solution File, Format Version 12.00
# Visual Studio 14
VisualStudioVersion = 14.0.25420.1
MinimumVisualStudioVersion = 10.0.40219.1
Project("{FAE04EC0-301F-11D3-BF4B-00C04F79EFBC}") = "Owin.Security.HighQ", "src\Owin.Security.HighQ\Owin.Security.HighQ.csproj", "{49632D5D-2B21-4D4D-ACE2-9E3F5D67691B}"
EndProject
Project("{2150E333-8FDC-42A3-9474-1A3956D46DE8}") = "Security", "Security", "{E05DB515-6DD8-4ABF-9D14-9E01A86AAE61}"
EndProject
Global
	GlobalSection(SolutionConfigurationPlatforms) = preSolution
		Debug|Any CPU = Debug|Any CPU
		Release|Any CPU = Release|Any CPU
	EndGlobalSection
	GlobalSection(ProjectConfigurationPlatforms) = postSolution
		{49632D5D-2B21-4D4D-ACE2-9E3F5D67691B}.Debug|Any CPU.ActiveCfg = Debug|Any CPU
		{49632D5D-2B21-4D4D-ACE2-9E3F5D67691B}.Debug|Any CPU.Build.0 = Debug|Any CPU
		{49632D5D-2B21-4D4D-ACE2-9E3F5D67691B}.Release|Any CPU.ActiveCfg = Release|Any CPU
		{49632D5D-2B21-4D4D-ACE2-9E3F5D67691B}.Release|Any CPU.Build.0 = Release|Any CPU
	EndGlobalSection
	GlobalSection(SolutionProperties) = preSolution
		HideSolutionNode = FALSE
	EndGlobalSection
	GlobalSection(NestedProjects) = preSolution
		{49632D5D-2B21-4D4D-ACE2-9E3F5D67691B} = {E05DB515-6DD8-4ABF-9D14-9E01A86AAE61}
	EndGlobalSection
EndGlobal
